# This file is automatically @generated by Cargo.
# It is not intended for manual editing.
version = 4

[[package]]
name = "teton"
version = "0.1.0"
dependencies = [
 "teton-protocol",
]

[[package]]
name = "teton-core"
version = "0.1.0"

[[package]]
name = "teton-inference"
version = "0.1.0"

[[package]]
name = "teton-protocol"
version = "0.1.0"

[[package]]
name = "teton-providers"
version = "0.1.0"

[[package]]
name = "tetond"
version = "0.1.0"
dependencies = [
 "teton-core",
 "teton-inference",
 "teton-protocol",
 "teton-providers",
]
